
Microsoft Visual Studio Solution File, Format Version 12.00
# Visual Studio Version 17
VisualStudioVersion = 17.8.34330.188
MinimumVisualStudioVersion = 10.0.40219.1
Project("{F184B08F-C81C-45F6-A57F-5ABD9991F28F}") = "Miscellaneous", "Miscellaneous\Miscellaneous.vbproj", "{881F7039-10CA-4670-8557-D727892688FB}"
EndProject
Project("{F14B399A-7131-4C87-9E4B-1186C45EF12D}") = "System Reports", "ServerReports\System Reports.rptproj", "{288214F0-4865-4BBD-A27C-43B34453445C}"
EndProject
Global
	GlobalSection(SolutionConfigurationPlatforms) = preSolution
		Debug|Any CPU = Debug|Any CPU
		DebugLocal|Any CPU = DebugLocal|Any CPU
		Release|Any CPU = Release|Any CPU
	EndGlobalSection
	GlobalSection(ProjectConfigurationPlatforms) = postSolution
		{881F7039-10CA-4670-8557-D727892688FB}.Debug|Any CPU.ActiveCfg = Debug|Any CPU
		{881F7039-10CA-4670-8557-D727892688FB}.Debug|Any CPU.Build.0 = Debug|Any CPU
		{881F7039-10CA-4670-8557-D727892688FB}.DebugLocal|Any CPU.ActiveCfg = Debug|Any CPU
		{881F7039-10CA-4670-8557-D727892688FB}.DebugLocal|Any CPU.Build.0 = Debug|Any CPU
		{881F7039-10CA-4670-8557-D727892688FB}.Release|Any CPU.ActiveCfg = Release|Any CPU
		{881F7039-10CA-4670-8557-D727892688FB}.Release|Any CPU.Build.0 = Release|Any CPU
		{288214F0-4865-4BBD-A27C-43B34453445C}.Debug|Any CPU.ActiveCfg = Debug
		{288214F0-4865-4BBD-A27C-43B34453445C}.Debug|Any CPU.Build.0 = Debug
		{288214F0-4865-4BBD-A27C-43B34453445C}.Debug|Any CPU.Deploy.0 = Debug
		{288214F0-4865-4BBD-A27C-43B34453445C}.DebugLocal|Any CPU.ActiveCfg = DebugLocal
		{288214F0-4865-4BBD-A27C-43B34453445C}.DebugLocal|Any CPU.Build.0 = DebugLocal
		{288214F0-4865-4BBD-A27C-43B34453445C}.DebugLocal|Any CPU.Deploy.0 = DebugLocal
		{288214F0-4865-4BBD-A27C-43B34453445C}.Release|Any CPU.ActiveCfg = Release
		{288214F0-4865-4BBD-A27C-43B34453445C}.Release|Any CPU.Build.0 = Release
		{288214F0-4865-4BBD-A27C-43B34453445C}.Release|Any CPU.Deploy.0 = Release
	EndGlobalSection
	GlobalSection(SolutionProperties) = preSolution
		HideSolutionNode = FALSE
	EndGlobalSection
	GlobalSection(ExtensibilityGlobals) = postSolution
		SolutionGuid = {3713881D-51A8-48E1-B404-2E3EDB24895E}
	EndGlobalSection
EndGlobal
